{"schemaVersion":3,"fingerprint":"sha256:bdcff01777b88a66cafe066e4099f086acb85a30ca43750f2acee4a4e91061c7","hosts":{"python":"example.consumer.contracts","typescript":{"package":"@example/consumer","mode":"static"}},"dependencies":{"owner":{"crate":"cross-package-owner","crateVersion":"0.1.0","fingerprint":"sha256:5b9bdd919b57d70bdaa2e9c6d4a1753e3ac5af4cde9ccd277e3b558872ef81c9","python":"example.owner.contracts","typescript":{"package":"@example/owner","mode":"wasm"},"types":[{"owner":"cross-package-owner","id":"cross_package_owner::Item","name":"Item","docs":null,"shape":{"kind":"struct","fields":[{"rustName":"id","wireName":"id","docs":null,"ty":{"kind":"string"},"required":true,"default":null,"constraints":{"literal":null,"minLength":null,"maxLength":null,"ge":null}},{"rustName":"quantity","wireName":"quantity","docs":null,"ty":{"kind":"named","identity":{"owner":"cross-package-owner","id":"cross_package_owner::Quantity"}},"required":true,"default":null,"constraints":{"literal":null,"minLength":null,"maxLength":null,"ge":null}},{"rustName":"kind","wireName":"kind","docs":null,"ty":{"kind":"option","item":{"kind":"named","identity":{"owner":"cross-package-owner","id":"cross_package_owner::ItemKind"}}},"required":false,"default":null,"constraints":{"literal":null,"minLength":null,"maxLength":null,"ge":null}},{"rustName":"tag","wireName":"tag","docs":null,"ty":{"kind":"fixedBytes","length":4},"required":true,"default":null,"constraints":{"literal":null,"minLength":null,"maxLength":null,"ge":null}}]}},{"owner":"cross-package-owner","id":"cross_package_owner::ItemKind","name":"ItemKind","docs":null,"shape":{"kind":"stringEnum","variants":[{"rustName":"Standard","wireName":"standard","docs":null,"fields":[]},{"rustName":"Premium","wireName":"premium","docs":null,"fields":[]}]}},{"owner":"cross-package-owner","id":"cross_package_owner::NativeCounter","name":"NativeCounter","docs":null,"shape":{"kind":"struct","fields":[{"rustName":"value","wireName":"value","docs":null,"ty":{"kind":"int","signed":false,"bits":64},"required":true,"default":null,"constraints":{"literal":null,"minLength":null,"maxLength":null,"ge":null}}]}},{"owner":"cross-package-owner","id":"cross_package_owner::Quantity","name":"Quantity","docs":null,"shape":{"kind":"struct","fields":[{"rustName":"numerator","wireName":"numerator","docs":null,"ty":{"kind":"int","signed":false,"bits":32},"required":true,"default":null,"constraints":{"literal":null,"minLength":null,"maxLength":null,"ge":null}},{"rustName":"denominator","wireName":"denominator","docs":null,"ty":{"kind":"int","signed":false,"bits":32},"required":true,"default":null,"constraints":{"literal":null,"minLength":null,"maxLength":null,"ge":null}}]}}],"errors":[]}},"manifest":{"irVersion":5,"crateName":"cross-package-consumer","crateVersion":"0.1.0","moduleName":"native","imports":[{"owner":"cross-package-owner","types":[{"owner":"cross-package-owner","id":"cross_package_owner::Item","name":"Item","docs":"Canonical item shared with downstream packages.","shape":{"kind":"struct","fields":[{"rustName":"id","wireName":"id","docs":null,"ty":{"kind":"string"},"required":true,"default":null,"constraints":{"literal":null,"minLength":null,"maxLength":null,"ge":null}},{"rustName":"quantity","wireName":"quantity","docs":null,"ty":{"kind":"named","identity":{"owner":"cross-package-owner","id":"cross_package_owner::Quantity"}},"required":true,"default":null,"constraints":{"literal":null,"minLength":null,"maxLength":null,"ge":null}},{"rustName":"kind","wireName":"kind","docs":null,"ty":{"kind":"option","item":{"kind":"named","identity":{"owner":"cross-package-owner","id":"cross_package_owner::ItemKind"}}},"required":false,"default":null,"constraints":{"literal":null,"minLength":null,"maxLength":null,"ge":null}},{"rustName":"tag","wireName":"tag","docs":null,"ty":{"kind":"fixedBytes","length":4},"required":true,"default":null,"constraints":{"literal":null,"minLength":null,"maxLength":null,"ge":null}}]}},{"owner":"cross-package-owner","id":"cross_package_owner::ItemKind","name":"ItemKind","docs":"Stable item kind serialized across every host boundary.","shape":{"kind":"stringEnum","variants":[{"rustName":"Standard","wireName":"standard","docs":null,"fields":[]},{"rustName":"Premium","wireName":"premium","docs":null,"fields":[]}]}},{"owner":"cross-package-owner","id":"cross_package_owner::NativeCounter","name":"NativeCounter","docs":"Native-only counter that deliberately has no JSON-safe wire projection.","shape":{"kind":"struct","fields":[{"rustName":"value","wireName":"value","docs":null,"ty":{"kind":"int","signed":false,"bits":64},"required":true,"default":null,"constraints":{"literal":null,"minLength":null,"maxLength":null,"ge":null}}]}},{"owner":"cross-package-owner","id":"cross_package_owner::Quantity","name":"Quantity","docs":"A JSON-safe quantity represented as a fraction.","shape":{"kind":"struct","fields":[{"rustName":"numerator","wireName":"numerator","docs":null,"ty":{"kind":"int","signed":false,"bits":32},"required":true,"default":null,"constraints":{"literal":null,"minLength":null,"maxLength":null,"ge":null}},{"rustName":"denominator","wireName":"denominator","docs":null,"ty":{"kind":"int","signed":false,"bits":32},"required":true,"default":null,"constraints":{"literal":null,"minLength":null,"maxLength":null,"ge":null}}]}}],"errors":[]}],"types":[{"owner":"cross-package-consumer","id":"cross_package_consumer::Selection","name":"Selection","docs":"Consumer-owned result containing the canonical item.","shape":{"kind":"struct","fields":[{"rustName":"item","wireName":"item","docs":null,"ty":{"kind":"named","identity":{"owner":"cross-package-owner","id":"cross_package_owner::Item"}},"required":true,"default":null,"constraints":{"literal":null,"minLength":null,"maxLength":null,"ge":null}},{"rustName":"included","wireName":"included","docs":null,"ty":{"kind":"bool"},"required":true,"default":null,"constraints":{"literal":null,"minLength":null,"maxLength":null,"ge":null}}]}}],"errors":[],"functions":[{"owner":"cross-package-consumer","rustName":"counter_is_nonzero","hostName":"counterIsNonzero","docs":"Python-only behavior may consume a foreign bigint model without exporting it statically.","target":"python","params":[{"rustName":"counter","hostName":"counter","ty":{"kind":"named","identity":{"owner":"cross-package-owner","id":"cross_package_owner::NativeCounter"}}}],"returns":{"kind":"bool"},"error":null},{"owner":"cross-package-consumer","rustName":"select","hostName":"select","docs":"Select a canonical item directly.","target":"python","params":[{"rustName":"item","hostName":"item","ty":{"kind":"named","identity":{"owner":"cross-package-owner","id":"cross_package_owner::Item"}}},{"rustName":"rank","hostName":"rank","ty":{"kind":"int","signed":true,"bits":32}}],"returns":{"kind":"named","identity":{"owner":"cross-package-consumer","id":"cross_package_consumer::Selection"}},"error":null}],"resources":[],"constants":[]}}
