{
  "schemaVersion": 2,
  "fingerprint": "sha256:81908054fc4dfe0ffa104e5c8f04b836247cafa4239809eaa36d0f34c92514a0",
  "hosts": {
    "python": "example.reports",
    "typescript": {
      "package": "@example/reports",
      "mode": "static"
    }
  },
  "dependencies": {
    "catalog": {
      "crate": "cross-package-catalog",
      "fingerprint": "sha256:04705ab04e2a7809f285b394e1ded61ca5dc12966c827a6322c553a47835db4f",
      "python": "example.catalog",
      "typescript": "@example/catalog",
      "types": [
        {
          "owner": "cross-package-catalog",
          "id": "cross_package_catalog::SignalDefinition",
          "name": "SignalDefinition",
          "docs": null,
          "shape": {
            "kind": "struct",
            "fields": [
              {
                "rustName": "id",
                "wireName": "id",
                "docs": null,
                "ty": {
                  "kind": "string"
                },
                "required": true,
                "default": null,
                "constraints": {
                  "literal": null,
                  "minLength": null,
                  "maxLength": null,
                  "ge": null
                }
              },
              {
                "rustName": "sample_rate_hz",
                "wireName": "sampleRateHz",
                "docs": null,
                "ty": {
                  "kind": "int",
                  "signed": false,
                  "bits": 32
                },
                "required": true,
                "default": null,
                "constraints": {
                  "literal": null,
                  "minLength": null,
                  "maxLength": null,
                  "ge": null
                }
              }
            ]
          }
        }
      ],
      "errors": []
    }
  },
  "manifest": {
    "irVersion": 4,
    "crateName": "cross-package-reports",
    "crateVersion": "0.1.0",
    "moduleName": "native",
    "imports": [
      {
        "owner": "cross-package-catalog",
        "types": [
          {
            "owner": "cross-package-catalog",
            "id": "cross_package_catalog::SignalDefinition",
            "name": "SignalDefinition",
            "docs": "Immutable signal identity shared with downstream domain packages.",
            "shape": {
              "kind": "struct",
              "fields": [
                {
                  "rustName": "id",
                  "wireName": "id",
                  "docs": null,
                  "ty": {
                    "kind": "string"
                  },
                  "required": true,
                  "default": null,
                  "constraints": {
                    "literal": null,
                    "minLength": null,
                    "maxLength": null,
                    "ge": null
                  }
                },
                {
                  "rustName": "sample_rate_hz",
                  "wireName": "sampleRateHz",
                  "docs": null,
                  "ty": {
                    "kind": "int",
                    "signed": false,
                    "bits": 32
                  },
                  "required": true,
                  "default": null,
                  "constraints": {
                    "literal": null,
                    "minLength": null,
                    "maxLength": null,
                    "ge": null
                  }
                }
              ]
            }
          }
        ],
        "errors": []
      }
    ],
    "types": [
      {
        "owner": "cross-package-reports",
        "id": "cross_package_reports::ReportsResult",
        "name": "ReportsResult",
        "docs": "Reports-owned result containing the canonical Catalog signal value.",
        "shape": {
          "kind": "struct",
          "fields": [
            {
              "rustName": "signal",
              "wireName": "signal",
              "docs": null,
              "ty": {
                "kind": "named",
                "identity": {
                  "owner": "cross-package-catalog",
                  "id": "cross_package_catalog::SignalDefinition"
                }
              },
              "required": true,
              "default": null,
              "constraints": {
                "literal": null,
                "minLength": null,
                "maxLength": null,
                "ge": null
              }
            },
            {
              "rustName": "accepted",
              "wireName": "accepted",
              "docs": null,
              "ty": {
                "kind": "bool"
              },
              "required": true,
              "default": null,
              "constraints": {
                "literal": null,
                "minLength": null,
                "maxLength": null,
                "ge": null
              }
            }
          ]
        }
      }
    ],
    "errors": [],
    "functions": [
      {
        "owner": "cross-package-reports",
        "rustName": "evaluate",
        "hostName": "evaluate",
        "docs": "Evaluate the canonical Catalog domain value directly.",
        "target": "both",
        "params": [
          {
            "rustName": "signal",
            "hostName": "signal",
            "ty": {
              "kind": "named",
              "identity": {
                "owner": "cross-package-catalog",
                "id": "cross_package_catalog::SignalDefinition"
              }
            }
          },
          {
            "rustName": "score",
            "hostName": "score",
            "ty": {
              "kind": "int",
              "signed": true,
              "bits": 32
            }
          }
        ],
        "returns": {
          "kind": "named",
          "identity": {
            "owner": "cross-package-reports",
            "id": "cross_package_reports::ReportsResult"
          }
        },
        "error": null
      }
    ],
    "resources": [],
    "constants": []
  }
}
