{"schemaVersion":3,"fingerprint":"sha256:599dbef4154e4a1ee2830a0a64aeed6b77653274e943b9c9533504865717e9f2","hosts":{"python":"example.independent.contracts","typescript":{"package":"@example/independent","mode":"static"}},"dependencies":{},"manifest":{"irVersion":6,"crateName":"rspyts-static-acceptance","crateVersion":"0.1.0","moduleName":"native","imports":[],"types":[{"owner":"rspyts-static-acceptance","id":"rspyts_static_acceptance::FeatureDefinition","name":"FeatureDefinition","docs":"One feature available in a release channel.","shape":{"kind":"struct","fields":[{"rustName":"channel","wireName":"channel","docs":null,"ty":{"kind":"named","identity":{"owner":"rspyts-static-acceptance","id":"rspyts_static_acceptance::ReleaseChannel"}},"required":true,"default":null,"constraints":{"literal":null,"minLength":null,"maxLength":null,"ge":null,"le":null}},{"rustName":"key","wireName":"key","docs":null,"ty":{"kind":"string"},"required":true,"default":null,"constraints":{"literal":null,"minLength":null,"maxLength":null,"ge":null,"le":null}},{"rustName":"introduced_in","wireName":"introducedIn","docs":null,"ty":{"kind":"string"},"required":true,"default":null,"constraints":{"literal":null,"minLength":null,"maxLength":null,"ge":null,"le":null}},{"rustName":"enabled_by_default","wireName":"enabledByDefault","docs":null,"ty":{"kind":"bool"},"required":true,"default":null,"constraints":{"literal":null,"minLength":null,"maxLength":null,"ge":null,"le":null}}]}},{"owner":"rspyts-static-acceptance","id":"rspyts_static_acceptance::FormatIdentity","name":"FormatIdentity","docs":"Identity embedded in every compatible file.","shape":{"kind":"struct","fields":[{"rustName":"name","wireName":"name","docs":null,"ty":{"kind":"string"},"required":true,"default":null,"constraints":{"literal":null,"minLength":null,"maxLength":null,"ge":null,"le":null}},{"rustName":"format_version","wireName":"formatVersion","docs":null,"ty":{"kind":"int","signed":false,"bits":32},"required":true,"default":null,"constraints":{"literal":null,"minLength":null,"maxLength":null,"ge":null,"le":null}}]}},{"owner":"rspyts-static-acceptance","id":"rspyts_static_acceptance::FormatMagic","name":"FormatMagic","docs":"Four-byte identifier at the beginning of every compatible file.","shape":{"kind":"alias","target":{"kind":"fixedBytes","length":4}}},{"owner":"rspyts-static-acceptance","id":"rspyts_static_acceptance::ReleaseChannel","name":"ReleaseChannel","docs":"Release channels supported by the example file format.","shape":{"kind":"stringEnum","variants":[{"rustName":"Stable","wireName":"stable","docs":null,"fields":[]},{"rustName":"Beta","wireName":"beta","docs":null,"fields":[]},{"rustName":"Nightly","wireName":"nightly","docs":null,"fields":[]}]}}],"errors":[],"functions":[{"owner":"rspyts-static-acceptance","rustName":"release_channel_label","hostName":"releaseChannelLabel","docs":"Render a release channel for Python-only application code.","target":"python","params":[{"rustName":"channel","hostName":"channel","ty":{"kind":"named","identity":{"owner":"rspyts-static-acceptance","id":"rspyts_static_acceptance::ReleaseChannel"}}}],"returns":{"kind":"string"},"error":null}],"resources":[],"constants":[{"owner":"rspyts-static-acceptance","rustName":"FEATURES","hostName":"FEATURES","docs":null,"target":"static","ty":{"kind":"list","item":{"kind":"named","identity":{"owner":"rspyts-static-acceptance","id":"rspyts_static_acceptance::FeatureDefinition"}}},"value":[{"channel":"stable","enabledByDefault":true,"introducedIn":"1.0","key":"checksums"},{"channel":"beta","enabledByDefault":false,"introducedIn":"1.4","key":"compression_v2"},{"channel":"nightly","enabledByDefault":false,"introducedIn":"1.5","key":"delta_index"}]},{"owner":"rspyts-static-acceptance","rustName":"FEATURE_TABLE","hostName":"FEATURE_TABLE","docs":null,"target":"static","ty":{"kind":"list","item":{"kind":"tuple","items":[{"kind":"string"},{"kind":"string"}]}},"value":[["stable","checksums"],["beta","compression_v2"],["nightly","delta_index"]]},{"owner":"rspyts-static-acceptance","rustName":"FORMAT_EPOCH","hostName":"FORMAT_EPOCH","docs":null,"target":"static","ty":{"kind":"int","signed":false,"bits":64},"value":4294967296},{"owner":"rspyts-static-acceptance","rustName":"FORMAT_MAGIC","hostName":"FORMAT_MAGIC","docs":null,"target":"static","ty":{"kind":"named","identity":{"owner":"rspyts-static-acceptance","id":"rspyts_static_acceptance::FormatMagic"}},"value":[82,83,80,89]},{"owner":"rspyts-static-acceptance","rustName":"FORMAT_VERSION","hostName":"FORMAT_VERSION","docs":null,"target":"both","ty":{"kind":"int","signed":false,"bits":32},"value":4},{"owner":"rspyts-static-acceptance","rustName":"IDENTITY","hostName":"IDENTITY","docs":null,"target":"static","ty":{"kind":"named","identity":{"owner":"rspyts-static-acceptance","id":"rspyts_static_acceptance::FormatIdentity"}},"value":{"formatVersion":4,"name":"example_archive"}},{"owner":"rspyts-static-acceptance","rustName":"MEDIA_TYPE","hostName":"MEDIA_TYPE","docs":null,"target":"static","ty":{"kind":"string"},"value":"application/x-example-archive"},{"owner":"rspyts-static-acceptance","rustName":"RELEASE_CHANNELS","hostName":"RELEASE_CHANNELS","docs":null,"target":"static","ty":{"kind":"list","item":{"kind":"named","identity":{"owner":"rspyts-static-acceptance","id":"rspyts_static_acceptance::ReleaseChannel"}}},"value":["stable","beta","nightly"]},{"owner":"rspyts-static-acceptance","rustName":"REQUIRED_SECTIONS","hostName":"REQUIRED_SECTIONS","docs":null,"target":"static","ty":{"kind":"list","item":{"kind":"string"}},"value":["manifest","entries","checksum"]}]}}
