{"schemaVersion":3,"fingerprint":"sha256:5b9bdd919b57d70bdaa2e9c6d4a1753e3ac5af4cde9ccd277e3b558872ef81c9","hosts":{"python":"example.owner.contracts","typescript":{"package":"@example/owner","mode":"wasm"}},"dependencies":{},"manifest":{"irVersion":5,"crateName":"cross-package-owner","crateVersion":"0.1.0","moduleName":"native","imports":[],"types":[{"owner":"cross-package-owner","id":"cross_package_owner::BatchOptions","name":"BatchOptions","docs":"Constrained batch options proving defaults and aware datetimes in both hosts.","shape":{"kind":"struct","fields":[{"rustName":"schema_version","wireName":"schemaVersion","docs":null,"ty":{"kind":"int","signed":false,"bits":32},"required":true,"default":null,"constraints":{"literal":1,"minLength":null,"maxLength":null,"ge":null}},{"rustName":"label","wireName":"label","docs":null,"ty":{"kind":"string"},"required":true,"default":null,"constraints":{"literal":null,"minLength":1,"maxLength":32,"ge":null}},{"rustName":"attempts","wireName":"attempts","docs":null,"ty":{"kind":"int","signed":false,"bits":32},"required":false,"default":1,"constraints":{"literal":null,"minLength":null,"maxLength":null,"ge":1}},{"rustName":"created_at","wireName":"createdAt","docs":null,"ty":{"kind":"dateTime"},"required":true,"default":null,"constraints":{"literal":null,"minLength":null,"maxLength":null,"ge":null}},{"rustName":"groups","wireName":"groups","docs":null,"ty":{"kind":"list","item":{"kind":"string"}},"required":true,"default":null,"constraints":{"literal":null,"minLength":1,"maxLength":3,"ge":null}}]}},{"owner":"cross-package-owner","id":"cross_package_owner::Calculation","name":"Calculation","docs":"The nested result returned by the real Rust implementation.","shape":{"kind":"struct","fields":[{"rustName":"vector","wireName":"vector","docs":null,"ty":{"kind":"named","identity":{"owner":"cross-package-owner","id":"cross_package_owner::VectorSpec"}},"required":true,"default":null,"constraints":{"literal":null,"minLength":null,"maxLength":null,"ge":null}},{"rustName":"magnitude","wireName":"magnitude","docs":null,"ty":{"kind":"named","identity":{"owner":"cross-package-owner","id":"cross_package_owner::Magnitude"}},"required":true,"default":null,"constraints":{"literal":null,"minLength":null,"maxLength":null,"ge":null}},{"rustName":"count","wireName":"count","docs":null,"ty":{"kind":"int","signed":false,"bits":32},"required":true,"default":null,"constraints":{"literal":null,"minLength":null,"maxLength":null,"ge":null}},{"rustName":"mean","wireName":"mean","docs":null,"ty":{"kind":"float","bits":64},"required":true,"default":null,"constraints":{"literal":null,"minLength":null,"maxLength":null,"ge":null}},{"rustName":"scaled","wireName":"scaled","docs":null,"ty":{"kind":"buffer","element":"f64"},"required":true,"default":null,"constraints":{"literal":null,"minLength":null,"maxLength":null,"ge":null}},{"rustName":"checksum","wireName":"checksum","docs":null,"ty":{"kind":"fixedBytes","length":4},"required":true,"default":null,"constraints":{"literal":null,"minLength":null,"maxLength":null,"ge":null}}]}},{"owner":"cross-package-owner","id":"cross_package_owner::Item","name":"Item","docs":"Canonical item shared with downstream packages.","shape":{"kind":"struct","fields":[{"rustName":"id","wireName":"id","docs":null,"ty":{"kind":"string"},"required":true,"default":null,"constraints":{"literal":null,"minLength":null,"maxLength":null,"ge":null}},{"rustName":"quantity","wireName":"quantity","docs":null,"ty":{"kind":"named","identity":{"owner":"cross-package-owner","id":"cross_package_owner::Quantity"}},"required":true,"default":null,"constraints":{"literal":null,"minLength":null,"maxLength":null,"ge":null}},{"rustName":"kind","wireName":"kind","docs":null,"ty":{"kind":"option","item":{"kind":"named","identity":{"owner":"cross-package-owner","id":"cross_package_owner::ItemKind"}}},"required":false,"default":null,"constraints":{"literal":null,"minLength":null,"maxLength":null,"ge":null}},{"rustName":"tag","wireName":"tag","docs":null,"ty":{"kind":"fixedBytes","length":4},"required":true,"default":null,"constraints":{"literal":null,"minLength":null,"maxLength":null,"ge":null}}]}},{"owner":"cross-package-owner","id":"cross_package_owner::ItemKind","name":"ItemKind","docs":"Stable item kind serialized across every host boundary.","shape":{"kind":"stringEnum","variants":[{"rustName":"Standard","wireName":"standard","docs":null,"fields":[]},{"rustName":"Premium","wireName":"premium","docs":null,"fields":[]}]}},{"owner":"cross-package-owner","id":"cross_package_owner::Magnitude","name":"Magnitude","docs":"A portable magnitude classification.","shape":{"kind":"stringEnum","variants":[{"rustName":"Regular","wireName":"regular","docs":null,"fields":[]},{"rustName":"Large","wireName":"large","docs":null,"fields":[]}]}},{"owner":"cross-package-owner","id":"cross_package_owner::NativeCounter","name":"NativeCounter","docs":"Native-only counter that deliberately has no JSON-safe wire projection.","shape":{"kind":"struct","fields":[{"rustName":"value","wireName":"value","docs":null,"ty":{"kind":"int","signed":false,"bits":64},"required":true,"default":null,"constraints":{"literal":null,"minLength":null,"maxLength":null,"ge":null}}]}},{"owner":"cross-package-owner","id":"cross_package_owner::Quantity","name":"Quantity","docs":"A JSON-safe quantity represented as a fraction.","shape":{"kind":"struct","fields":[{"rustName":"numerator","wireName":"numerator","docs":null,"ty":{"kind":"int","signed":false,"bits":32},"required":true,"default":null,"constraints":{"literal":null,"minLength":null,"maxLength":null,"ge":null}},{"rustName":"denominator","wireName":"denominator","docs":null,"ty":{"kind":"int","signed":false,"bits":32},"required":true,"default":null,"constraints":{"literal":null,"minLength":null,"maxLength":null,"ge":null}}]}},{"owner":"cross-package-owner","id":"cross_package_owner::VectorSpec","name":"VectorSpec","docs":"The vector metadata attached to a calculation.","shape":{"kind":"struct","fields":[{"rustName":"name","wireName":"name","docs":null,"ty":{"kind":"string"},"required":true,"default":null,"constraints":{"literal":null,"minLength":null,"maxLength":null,"ge":null}},{"rustName":"dimensions","wireName":"dimensions","docs":null,"ty":{"kind":"int","signed":false,"bits":32},"required":true,"default":null,"constraints":{"literal":null,"minLength":null,"maxLength":null,"ge":null}}]}}],"errors":[{"owner":"cross-package-owner","id":"cross_package_owner::CalculationError","name":"CalculationError","docs":"Intentional API failures, exposed as typed host exceptions.","variants":[{"rustName":"Empty","code":"empty","docs":null,"fields":[]},{"rustName":"InvalidFactor","code":"invalid_factor","docs":null,"fields":[]}]}],"functions":[{"owner":"cross-package-owner","rustName":"calculate","hostName":"calculate","docs":"Calculate one vector without introducing a transport DTO.","target":"both","params":[{"rustName":"vector","hostName":"vector","ty":{"kind":"named","identity":{"owner":"cross-package-owner","id":"cross_package_owner::VectorSpec"}}},{"rustName":"values","hostName":"values","ty":{"kind":"buffer","element":"f64"}},{"rustName":"checksum","hostName":"checksum","ty":{"kind":"fixedBytes","length":4}},{"rustName":"factor","hostName":"factor","ty":{"kind":"float","bits":64}}],"returns":{"kind":"named","identity":{"owner":"cross-package-owner","id":"cross_package_owner::Calculation"}},"error":{"owner":"cross-package-owner","id":"cross_package_owner::CalculationError"}},{"owner":"cross-package-owner","rustName":"create_item","hostName":"createItem","docs":"Construct a canonical item.","target":"both","params":[{"rustName":"id","hostName":"id","ty":{"kind":"string"}},{"rustName":"quantity","hostName":"quantity","ty":{"kind":"int","signed":false,"bits":32}}],"returns":{"kind":"named","identity":{"owner":"cross-package-owner","id":"cross_package_owner::Item"}},"error":null},{"owner":"cross-package-owner","rustName":"native_counter","hostName":"nativeCounter","docs":"Construct a native/Python counter without exposing it on the static wire surface.","target":"python","params":[{"rustName":"value","hostName":"value","ty":{"kind":"int","signed":false,"bits":64}}],"returns":{"kind":"named","identity":{"owner":"cross-package-owner","id":"cross_package_owner::NativeCounter"}},"error":null},{"owner":"cross-package-owner","rustName":"validate_batch_options","hostName":"validateBatchOptions","docs":"Round-trip constrained batch options through the real Rust boundary.","target":"both","params":[{"rustName":"options","hostName":"options","ty":{"kind":"named","identity":{"owner":"cross-package-owner","id":"cross_package_owner::BatchOptions"}}}],"returns":{"kind":"named","identity":{"owner":"cross-package-owner","id":"cross_package_owner::BatchOptions"}},"error":null}],"resources":[{"owner":"cross-package-owner","id":"cross_package_owner::Calculator","name":"Calculator","docs":null,"target":"both","constructors":[{"owner":"cross-package-owner","rustName":"new","hostName":"new","docs":null,"target":"both","params":[{"rustName":"vector","hostName":"vector","ty":{"kind":"named","identity":{"owner":"cross-package-owner","id":"cross_package_owner::VectorSpec"}}},{"rustName":"factor","hostName":"factor","ty":{"kind":"float","bits":64}}],"returns":{"kind":"named","identity":{"owner":"cross-package-owner","id":"cross_package_owner::Calculator"}},"error":{"owner":"cross-package-owner","id":"cross_package_owner::CalculationError"}}],"methods":[{"rustName":"calculate","hostName":"calculate","docs":null,"target":"both","mutable":true,"params":[{"rustName":"values","hostName":"values","ty":{"kind":"buffer","element":"f64"}},{"rustName":"checksum","hostName":"checksum","ty":{"kind":"fixedBytes","length":4}}],"returns":{"kind":"named","identity":{"owner":"cross-package-owner","id":"cross_package_owner::Calculation"}},"error":{"owner":"cross-package-owner","id":"cross_package_owner::CalculationError"}},{"rustName":"calls","hostName":"calls","docs":null,"target":"both","mutable":false,"params":[],"returns":{"kind":"int","signed":false,"bits":64},"error":null}]}],"constants":[{"owner":"cross-package-owner","rustName":"SAFE_WIDE","hostName":"SAFE_WIDE","docs":"Largest wide integer that remains exact on the static JavaScript wire.","target":"both","ty":{"kind":"int","signed":false,"bits":64},"value":9007199254740991},{"owner":"cross-package-owner","rustName":"UNSAFE_WIDE","hostName":"UNSAFE_WIDE","docs":"Wide integer retained by native hosts but omitted from the static wire.","target":"both","ty":{"kind":"int","signed":false,"bits":64},"value":9007199254740992}]}}
